
Microsoft Visual Studio Solution File, Format Version 12.00
# Visual Studio 15
VisualStudioVersion = 15.0.28307.852
MinimumVisualStudioVersion = 10.0.40219.1
Project("{FAE04EC0-301F-11D3-BF4B-00C04F79EFBC}") = "NearClient", "NearClient\NearClient.csproj", "{FD4F5634-4B55-40B2-8E31-898B8AA25108}"
EndProject
Project("{FAE04EC0-301F-11D3-BF4B-00C04F79EFBC}") = "ExampleNearClient", "ExampleNearClient\ExampleNearClient.csproj", "{93F621CF-88FA-4FAA-9D00-E45A98E2D4A9}"
EndProject
Global
	GlobalSection(SolutionConfigurationPlatforms) = preSolution
		Debug|Any CPU = Debug|Any CPU
		Release|Any CPU = Release|Any CPU
	EndGlobalSection
	GlobalSection(ProjectConfigurationPlatforms) = postSolution
		{FD4F5634-4B55-40B2-8E31-898B8AA25108}.Debug|Any CPU.ActiveCfg = Debug|Any CPU
		{FD4F5634-4B55-40B2-8E31-898B8AA25108}.Debug|Any CPU.Build.0 = Debug|Any CPU
		{FD4F5634-4B55-40B2-8E31-898B8AA25108}.Release|Any CPU.ActiveCfg = Release|Any CPU
		{FD4F5634-4B55-40B2-8E31-898B8AA25108}.Release|Any CPU.Build.0 = Release|Any CPU
		{93F621CF-88FA-4FAA-9D00-E45A98E2D4A9}.Debug|Any CPU.ActiveCfg = Debug|Any CPU
		{93F621CF-88FA-4FAA-9D00-E45A98E2D4A9}.Debug|Any CPU.Build.0 = Debug|Any CPU
		{93F621CF-88FA-4FAA-9D00-E45A98E2D4A9}.Release|Any CPU.ActiveCfg = Release|Any CPU
		{93F621CF-88FA-4FAA-9D00-E45A98E2D4A9}.Release|Any CPU.Build.0 = Release|Any CPU
	EndGlobalSection
	GlobalSection(SolutionProperties) = preSolution
		HideSolutionNode = FALSE
	EndGlobalSection
	GlobalSection(ExtensibilityGlobals) = postSolution
		SolutionGuid = {7C7384FE-CFD1-45B5-B024-94155042B81B}
	EndGlobalSection
EndGlobal
